
Microsoft Visual Studio Solution File, Format Version 12.00
# Visual Studio Version 17
VisualStudioVersion = 17.4.33213.308
MinimumVisualStudioVersion = 10.0.40219.1
Project("{FAE04EC0-301F-11D3-BF4B-00C04F79EFBC}") = "LightSwitch", "LightSwitch\LightSwitch.csproj", "{4242FB50-B054-4B35-A1E5-216F962A0A01}"
EndProject
Global
	GlobalSection(SolutionConfigurationPlatforms) = preSolution
		Debug|Any CPU = Debug|Any CPU
		Release|Any CPU = Release|Any CPU
	EndGlobalSection
	GlobalSection(ProjectConfigurationPlatforms) = postSolution
		{4242FB50-B054-4B35-A1E5-216F962A0A01}.Debug|Any CPU.ActiveCfg = Debug|Any CPU
		{4242FB50-B054-4B35-A1E5-216F962A0A01}.Debug|Any CPU.Build.0 = Debug|Any CPU
		{4242FB50-B054-4B35-A1E5-216F962A0A01}.Release|Any CPU.ActiveCfg = Release|Any CPU
		{4242FB50-B054-4B35-A1E5-216F962A0A01}.Release|Any CPU.Build.0 = Release|Any CPU
	EndGlobalSection
	GlobalSection(SolutionProperties) = preSolution
		HideSolutionNode = FALSE
	EndGlobalSection
	GlobalSection(ExtensibilityGlobals) = postSolution
		SolutionGuid = {583392F2-F40D-4635-984E-B978FF103D61}
	EndGlobalSection
EndGlobal
